<?xml version="1.0" encoding="utf-8"?>
<Project ToolsVersion="4.0" xmlns="http://schemas.microsoft.com/developer/msbuild/2003">
  <ItemGroup>
    <Filter Include="main">
      <UniqueIdentifier>{1a34b838-9522-42ea-bc83-8f44f0a6b2cb}</UniqueIdentifier>
    </Filter>
    <Filter Include="var">
      <UniqueIdentifier>{adb2afc2-5b3c-48bf-b2e1-b583f61c65d7}</UniqueIdentifier>
    </Filter>
  </ItemGroup>
  <ItemGroup>
    <ClCompile Include="main.cpp">
      <Filter>main</Filter>
    </ClCompile>
    <ClCompile Include="var.cpp">
      <Filter>var</Filter>
    </ClCompile>
  </ItemGroup>
  <ItemGroup>
    <ClInclude Include="var.h">
      <Filter>var</Filter>
    </ClInclude>
  </ItemGroup>
</Project>